// !$*UTF8*$!
{
	archiveVersion = 1;
	classes = {
	};
	objectVersion = 77;
	objects = {

/* Begin PBXBuildFile section */
		F72BD38A2CBE61A8003FAFFB /* SplashViewController.swift in Sources */ = {isa = PBXBuildFile; fileRef = F72BD37E2CBE61A8003FAFFB /* SplashViewController.swift */; };
		F72BD38B2CBE61A8003FAFFB /* AppDelegate.swift in Sources */ = {isa = PBXBuildFile; fileRef = F72BD3822CBE61A8003FAFFB /* AppDelegate.swift */; };
		F72BD38C2CBE61A8003FAFFB /* SceneDelegate.swift in Sources */ = {isa = PBXBuildFile; fileRef = F72BD3872CBE61A8003FAFFB /* SceneDelegate.swift */; };
		F72BD38D2CBE61A8003FAFFB /* SplashViewController.xib in Resources */ = {isa = PBXBuildFile; fileRef = F72BD37F2CBE61A8003FAFFB /* SplashViewController.xib */; };
		F72BD38E2CBE61A8003FAFFB /* Assets.xcassets in Resources */ = {isa = PBXBuildFile; fileRef = F72BD3832CBE61A8003FAFFB /* Assets.xcassets */; };
		F72BD3902CBE61A8003FAFFB /* LaunchScreen.storyboard in Resources */ = {isa = PBXBuildFile; fileRef = F72BD3862CBE61A8003FAFFB /* LaunchScreen.storyboard */; };
		F72BD3942CBE61E8003FAFFB /* Model.xcdatamodeld in Sources */ = {isa = PBXBuildFile; fileRef = F72BD3922CBE61E8003FAFFB /* Model.xcdatamodeld */; };
		F74808CE2CC2F482006FE7F2 /* SplashViewModel.swift in Sources */ = {isa = PBXBuildFile; fileRef = F74808CD2CC2F47A006FE7F2 /* SplashViewModel.swift */; };
		F74808D02CC2F4C7006FE7F2 /* SplashBuilder.swift in Sources */ = {isa = PBXBuildFile; fileRef = F74808CF2CC2F4C0006FE7F2 /* SplashBuilder.swift */; };
		F75307262CBE6A6E00FD592C /* MOHero+CoreDataClass.swift in Sources */ = {isa = PBXBuildFile; fileRef = F753071A2CBE6A6E00FD592C /* MOHero+CoreDataClass.swift */; };
		F75307282CBE6A6E00FD592C /* MOLocation+CoreDataClass.swift in Sources */ = {isa = PBXBuildFile; fileRef = F753071C2CBE6A6E00FD592C /* MOLocation+CoreDataClass.swift */; };
		F753072A2CBE6A6E00FD592C /* MOTransformation+CoreDataClass.swift in Sources */ = {isa = PBXBuildFile; fileRef = F753071E2CBE6A6E00FD592C /* MOTransformation+CoreDataClass.swift */; };
		F753072F2CBE6FD600FD592C /* APIHero.swift in Sources */ = {isa = PBXBuildFile; fileRef = F753072D2CBE6FD000FD592C /* APIHero.swift */; };
		F75307322CBE708D00FD592C /* APILocation.swift in Sources */ = {isa = PBXBuildFile; fileRef = F75307302CBE707200FD592C /* APILocation.swift */; };
		F75307342CBE72CE00FD592C /* APITransformation.swift in Sources */ = {isa = PBXBuildFile; fileRef = F75307332CBE72BD00FD592C /* APITransformation.swift */; };
		F75307382CBE74BC00FD592C /* StoreDataProvider.swift in Sources */ = {isa = PBXBuildFile; fileRef = F75307362CBE74A800FD592C /* StoreDataProvider.swift */; };
		F75307A92CBE817E00FD592C /* APISession.swift in Sources */ = {isa = PBXBuildFile; fileRef = F75307A72CBE817700FD592C /* APISession.swift */; };
		F754EFDA2CC7B9EA007428D7 /* UIImageView+Remote.swift in Sources */ = {isa = PBXBuildFile; fileRef = F754EFD92CC7B9D3007428D7 /* UIImageView+Remote.swift */; };
		F757E9132CC63C25006E389D /* KeychainSwift in Frameworks */ = {isa = PBXBuildFile; productRef = F757E9122CC63C25006E389D /* KeychainSwift */; };
		F757E9152CC63CDE006E389D /* SecureDataStore.swift in Sources */ = {isa = PBXBuildFile; fileRef = F757E9142CC63CD7006E389D /* SecureDataStore.swift */; };
		F777563F2CC6672B00BF159E /* LoginViewModel.swift in Sources */ = {isa = PBXBuildFile; fileRef = F777563E2CC6671E00BF159E /* LoginViewModel.swift */; };
		F77756432CC6957600BF159E /* LoginView.xib in Resources */ = {isa = PBXBuildFile; fileRef = F77756422CC6957600BF159E /* LoginView.xib */; };
		F77756452CC69D5A00BF159E /* HeroesCollectionViewModel.swift in Sources */ = {isa = PBXBuildFile; fileRef = F77756442CC69D4E00BF159E /* HeroesCollectionViewModel.swift */; };
		F77756472CC6AB8600BF159E /* LoginBuilder.swift in Sources */ = {isa = PBXBuildFile; fileRef = F77756462CC6AB7D00BF159E /* LoginBuilder.swift */; };
		F77756492CC6B43E00BF159E /* HeroesCollectionBuilder.swift in Sources */ = {isa = PBXBuildFile; fileRef = F77756482CC6B3A800BF159E /* HeroesCollectionBuilder.swift */; };
		F79827762CBEE71900430680 /* HeroesCollectionViewController.swift in Sources */ = {isa = PBXBuildFile; fileRef = F79827742CBEE71900430680 /* HeroesCollectionViewController.swift */; };
		F79827772CBEE71900430680 /* HeroesCollectionViewController.xib in Resources */ = {isa = PBXBuildFile; fileRef = F79827752CBEE71900430680 /* HeroesCollectionViewController.xib */; };
		F7C060B12CC100970099D729 /* Binding.swift in Sources */ = {isa = PBXBuildFile; fileRef = F7C060B02CC100900099D729 /* Binding.swift */; };
		F7C061212CC10E900099D729 /* HeroesCollectionViewCell.xib in Resources */ = {isa = PBXBuildFile; fileRef = F7C061202CC10E900099D729 /* HeroesCollectionViewCell.xib */; };
		F7C061222CC10E900099D729 /* HeroesCollectionViewCell.swift in Sources */ = {isa = PBXBuildFile; fileRef = F7C0611F2CC10E900099D729 /* HeroesCollectionViewCell.swift */; };
		F7D848782CBFB9E90005B84D /* APIErrorResponse.swift in Sources */ = {isa = PBXBuildFile; fileRef = F7D848772CBFB9E90005B84D /* APIErrorResponse.swift */; };
		F7D8487C2CBFBB210005B84D /* APIEndpoint.swift in Sources */ = {isa = PBXBuildFile; fileRef = F7D8487A2CBFBB210005B84D /* APIEndpoint.swift */; };
		F7D8487F2CBFBCC10005B84D /* APIRequestBuilder.swift in Sources */ = {isa = PBXBuildFile; fileRef = F7D8487D2CBFBCC10005B84D /* APIRequestBuilder.swift */; };
		F7D848862CBFCAF80005B84D /* HeroesUseCase.swift in Sources */ = {isa = PBXBuildFile; fileRef = F7D848842CBFCAF80005B84D /* HeroesUseCase.swift */; };
		F7D8488A2CBFCBB10005B84D /* Model.swift in Sources */ = {isa = PBXBuildFile; fileRef = F7D848882CBFCBAE0005B84D /* Model.swift */; };
		F7D8488E2CBFE15A0005B84D /* dbanime.mp4 in Resources */ = {isa = PBXBuildFile; fileRef = F7D8488D2CBFE15A0005B84D /* dbanime.mp4 */; };
		F7D848932CBFE9290005B84D /* LoginViewController.swift in Sources */ = {isa = PBXBuildFile; fileRef = F7D848902CBFE9290005B84D /* LoginViewController.swift */; };
/* End PBXBuildFile section */

/* Begin PBXContainerItemProxy section */
		F7F84DB12CBE5B1600908C78 /* PBXContainerItemProxy */ = {
			isa = PBXContainerItemProxy;
			containerPortal = F7F84D922CBE5B1500908C78 /* Project object */;
			proxyType = 1;
			remoteGlobalIDString = F7F84D992CBE5B1500908C78;
			remoteInfo = DBHeroesAvanzado;
		};
		F7F84DBB2CBE5B1600908C78 /* PBXContainerItemProxy */ = {
			isa = PBXContainerItemProxy;
			containerPortal = F7F84D922CBE5B1500908C78 /* Project object */;
			proxyType = 1;
			remoteGlobalIDString = F7F84D992CBE5B1500908C78;
			remoteInfo = DBHeroesAvanzado;
		};
/* End PBXContainerItemProxy section */

/* Begin PBXFileReference section */
		F72BD37E2CBE61A8003FAFFB /* SplashViewController.swift */ = {isa = PBXFileReference; lastKnownFileType = sourcecode.swift; path = SplashViewController.swift; sourceTree = "<group>"; };
		F72BD37F2CBE61A8003FAFFB /* SplashViewController.xib */ = {isa = PBXFileReference; lastKnownFileType = file.xib; path = SplashViewController.xib; sourceTree = "<group>"; };
		F72BD3822CBE61A8003FAFFB /* AppDelegate.swift */ = {isa = PBXFileReference; lastKnownFileType = sourcecode.swift; path = AppDelegate.swift; sourceTree = "<group>"; };
		F72BD3832CBE61A8003FAFFB /* Assets.xcassets */ = {isa = PBXFileReference; lastKnownFileType = folder.assetcatalog; path = Assets.xcassets; sourceTree = "<group>"; };
		F72BD3842CBE61A8003FAFFB /* Info.plist */ = {isa = PBXFileReference; lastKnownFileType = text.plist.xml; path = Info.plist; sourceTree = "<group>"; };
		F72BD3852CBE61A8003FAFFB /* Base */ = {isa = PBXFileReference; lastKnownFileType = file.storyboard; name = Base; path = Base.lproj/LaunchScreen.storyboard; sourceTree = "<group>"; };
		F72BD3872CBE61A8003FAFFB /* SceneDelegate.swift */ = {isa = PBXFileReference; lastKnownFileType = sourcecode.swift; path = SceneDelegate.swift; sourceTree = "<group>"; };
		F72BD3932CBE61E8003FAFFB /* Model.xcdatamodel */ = {isa = PBXFileReference; lastKnownFileType = wrapper.xcdatamodel; path = Model.xcdatamodel; sourceTree = "<group>"; };
		F74808CD2CC2F47A006FE7F2 /* SplashViewModel.swift */ = {isa = PBXFileReference; lastKnownFileType = sourcecode.swift; path = SplashViewModel.swift; sourceTree = "<group>"; };
		F74808CF2CC2F4C0006FE7F2 /* SplashBuilder.swift */ = {isa = PBXFileReference; lastKnownFileType = sourcecode.swift; path = SplashBuilder.swift; sourceTree = "<group>"; };
		F753071A2CBE6A6E00FD592C /* MOHero+CoreDataClass.swift */ = {isa = PBXFileReference; lastKnownFileType = sourcecode.swift; path = "MOHero+CoreDataClass.swift"; sourceTree = "<group>"; };
		F753071C2CBE6A6E00FD592C /* MOLocation+CoreDataClass.swift */ = {isa = PBXFileReference; lastKnownFileType = sourcecode.swift; path = "MOLocation+CoreDataClass.swift"; sourceTree = "<group>"; };
		F753071E2CBE6A6E00FD592C /* MOTransformation+CoreDataClass.swift */ = {isa = PBXFileReference; lastKnownFileType = sourcecode.swift; path = "MOTransformation+CoreDataClass.swift"; sourceTree = "<group>"; };
		F753072D2CBE6FD000FD592C /* APIHero.swift */ = {isa = PBXFileReference; lastKnownFileType = sourcecode.swift; path = APIHero.swift; sourceTree = "<group>"; };
		F75307302CBE707200FD592C /* APILocation.swift */ = {isa = PBXFileReference; lastKnownFileType = sourcecode.swift; path = APILocation.swift; sourceTree = "<group>"; };
		F75307332CBE72BD00FD592C /* APITransformation.swift */ = {isa = PBXFileReference; lastKnownFileType = sourcecode.swift; path = APITransformation.swift; sourceTree = "<group>"; };
		F75307362CBE74A800FD592C /* StoreDataProvider.swift */ = {isa = PBXFileReference; lastKnownFileType = sourcecode.swift; path = StoreDataProvider.swift; sourceTree = "<group>"; };
		F75307A72CBE817700FD592C /* APISession.swift */ = {isa = PBXFileReference; lastKnownFileType = sourcecode.swift; path = APISession.swift; sourceTree = "<group>"; };
		F754EFD92CC7B9D3007428D7 /* UIImageView+Remote.swift */ = {isa = PBXFileReference; lastKnownFileType = sourcecode.swift; path = "UIImageView+Remote.swift"; sourceTree = "<group>"; };
		F757E9142CC63CD7006E389D /* SecureDataStore.swift */ = {isa = PBXFileReference; lastKnownFileType = sourcecode.swift; path = SecureDataStore.swift; sourceTree = "<group>"; };
		F777563E2CC6671E00BF159E /* LoginViewModel.swift */ = {isa = PBXFileReference; lastKnownFileType = sourcecode.swift; path = LoginViewModel.swift; sourceTree = "<group>"; };
		F77756422CC6957600BF159E /* LoginView.xib */ = {isa = PBXFileReference; lastKnownFileType = file.xib; path = LoginView.xib; sourceTree = "<group>"; };
		F77756442CC69D4E00BF159E /* HeroesCollectionViewModel.swift */ = {isa = PBXFileReference; lastKnownFileType = sourcecode.swift; path = HeroesCollectionViewModel.swift; sourceTree = "<group>"; };
		F77756462CC6AB7D00BF159E /* LoginBuilder.swift */ = {isa = PBXFileReference; lastKnownFileType = sourcecode.swift; path = LoginBuilder.swift; sourceTree = "<group>"; };
		F77756482CC6B3A800BF159E /* HeroesCollectionBuilder.swift */ = {isa = PBXFileReference; lastKnownFileType = sourcecode.swift; path = HeroesCollectionBuilder.swift; sourceTree = "<group>"; };
		F79827742CBEE71900430680 /* HeroesCollectionViewController.swift */ = {isa = PBXFileReference; lastKnownFileType = sourcecode.swift; path = HeroesCollectionViewController.swift; sourceTree = "<group>"; };
		F79827752CBEE71900430680 /* HeroesCollectionViewController.xib */ = {isa = PBXFileReference; lastKnownFileType = file.xib; path = HeroesCollectionViewController.xib; sourceTree = "<group>"; };
		F7C060B02CC100900099D729 /* Binding.swift */ = {isa = PBXFileReference; lastKnownFileType = sourcecode.swift; path = Binding.swift; sourceTree = "<group>"; };
		F7C0611F2CC10E900099D729 /* HeroesCollectionViewCell.swift */ = {isa = PBXFileReference; lastKnownFileType = sourcecode.swift; path = HeroesCollectionViewCell.swift; sourceTree = "<group>"; };
		F7C061202CC10E900099D729 /* HeroesCollectionViewCell.xib */ = {isa = PBXFileReference; lastKnownFileType = file.xib; path = HeroesCollectionViewCell.xib; sourceTree = "<group>"; };
		F7D848772CBFB9E90005B84D /* APIErrorResponse.swift */ = {isa = PBXFileReference; lastKnownFileType = sourcecode.swift; path = APIErrorResponse.swift; sourceTree = "<group>"; };
		F7D8487A2CBFBB210005B84D /* APIEndpoint.swift */ = {isa = PBXFileReference; lastKnownFileType = sourcecode.swift; path = APIEndpoint.swift; sourceTree = "<group>"; };
		F7D8487D2CBFBCC10005B84D /* APIRequestBuilder.swift */ = {isa = PBXFileReference; lastKnownFileType = sourcecode.swift; path = APIRequestBuilder.swift; sourceTree = "<group>"; };
		F7D848842CBFCAF80005B84D /* HeroesUseCase.swift */ = {isa = PBXFileReference; lastKnownFileType = sourcecode.swift; path = HeroesUseCase.swift; sourceTree = "<group>"; };
		F7D848882CBFCBAE0005B84D /* Model.swift */ = {isa = PBXFileReference; lastKnownFileType = sourcecode.swift; path = Model.swift; sourceTree = "<group>"; };
		F7D8488D2CBFE15A0005B84D /* dbanime.mp4 */ = {isa = PBXFileReference; lastKnownFileType = file; path = dbanime.mp4; sourceTree = "<group>"; };
		F7D848902CBFE9290005B84D /* LoginViewController.swift */ = {isa = PBXFileReference; lastKnownFileType = sourcecode.swift; path = LoginViewController.swift; sourceTree = "<group>"; };
		F7F84D9A2CBE5B1500908C78 /* DBHeroesAvanzado.app */ = {isa = PBXFileReference; explicitFileType = wrapper.application; includeInIndex = 0; path = DBHeroesAvanzado.app; sourceTree = BUILT_PRODUCTS_DIR; };
		F7F84DB02CBE5B1600908C78 /* DBHeroesAvanzadoTests.xctest */ = {isa = PBXFileReference; explicitFileType = wrapper.cfbundle; includeInIndex = 0; path = DBHeroesAvanzadoTests.xctest; sourceTree = BUILT_PRODUCTS_DIR; };
		F7F84DBA2CBE5B1600908C78 /* DBHeroesAvanzadoUITests.xctest */ = {isa = PBXFileReference; explicitFileType = wrapper.cfbundle; includeInIndex = 0; path = DBHeroesAvanzadoUITests.xctest; sourceTree = BUILT_PRODUCTS_DIR; };
/* End PBXFileReference section */

/* Begin PBXFileSystemSynchronizedRootGroup section */
		F7F84DB32CBE5B1600908C78 /* DBHeroesAvanzadoTests */ = {
			isa = PBXFileSystemSynchronizedRootGroup;
			path = DBHeroesAvanzadoTests;
			sourceTree = "<group>";
		};
		F7F84DBD2CBE5B1600908C78 /* DBHeroesAvanzadoUITests */ = {
			isa = PBXFileSystemSynchronizedRootGroup;
			path = DBHeroesAvanzadoUITests;
			sourceTree = "<group>";
		};
/* End PBXFileSystemSynchronizedRootGroup section */

/* Begin PBXFrameworksBuildPhase section */
		F7F84D972CBE5B1500908C78 /* Frameworks */ = {
			isa = PBXFrameworksBuildPhase;
			buildActionMask = 2147483647;
			files = (
				F757E9132CC63C25006E389D /* KeychainSwift in Frameworks */,
			);
			runOnlyForDeploymentPostprocessing = 0;
		};
		F7F84DAD2CBE5B1600908C78 /* Frameworks */ = {
			isa = PBXFrameworksBuildPhase;
			buildActionMask = 2147483647;
			files = (
			);
			runOnlyForDeploymentPostprocessing = 0;
		};
		F7F84DB72CBE5B1600908C78 /* Frameworks */ = {
			isa = PBXFrameworksBuildPhase;
			buildActionMask = 2147483647;
			files = (
			);
			runOnlyForDeploymentPostprocessing = 0;
		};
/* End PBXFrameworksBuildPhase section */

/* Begin PBXGroup section */
		F72BD37C2CBE61A8003FAFFB /* Data */ = {
			isa = PBXGroup;
			children = (
				F757E9142CC63CD7006E389D /* SecureDataStore.swift */,
				F75307392CBE813900FD592C /* Networking */,
				F753072C2CBE6FC400FD592C /* APIModel */,
				F72BD3912CBE61CA003FAFFB /* CoreData */,
			);
			path = Data;
			sourceTree = "<group>";
		};
		F72BD37D2CBE61A8003FAFFB /* Domain */ = {
			isa = PBXGroup;
			children = (
				F7D848872CBFCB9F0005B84D /* Model */,
				F7D848832CBFCA930005B84D /* UseCases */,
			);
			path = Domain;
			sourceTree = "<group>";
		};
		F72BD3802CBE61A8003FAFFB /* Splash */ = {
			isa = PBXGroup;
			children = (
				F74808CF2CC2F4C0006FE7F2 /* SplashBuilder.swift */,
				F74808CD2CC2F47A006FE7F2 /* SplashViewModel.swift */,
				F72BD37E2CBE61A8003FAFFB /* SplashViewController.swift */,
				F72BD37F2CBE61A8003FAFFB /* SplashViewController.xib */,
			);
			path = Splash;
			sourceTree = "<group>";
		};
		F72BD3812CBE61A8003FAFFB /* Presentation */ = {
			isa = PBXGroup;
			children = (
				F7C060B02CC100900099D729 /* Binding.swift */,
				F79827732CBEE6E000430680 /* HeroesCollection */,
				F7D8488F2CBFE90C0005B84D /* Login */,
				F72BD3802CBE61A8003FAFFB /* Splash */,
			);
			path = Presentation;
			sourceTree = "<group>";
		};
		F72BD3882CBE61A8003FAFFB /* Support File */ = {
			isa = PBXGroup;
			children = (
				F72BD3822CBE61A8003FAFFB /* AppDelegate.swift */,
				F72BD3832CBE61A8003FAFFB /* Assets.xcassets */,
				F72BD3842CBE61A8003FAFFB /* Info.plist */,
				F72BD3862CBE61A8003FAFFB /* LaunchScreen.storyboard */,
				F72BD3872CBE61A8003FAFFB /* SceneDelegate.swift */,
			);
			path = "Support File";
			sourceTree = "<group>";
		};
		F72BD3892CBE61A8003FAFFB /* DBHeroesAvanzado */ = {
			isa = PBXGroup;
			children = (
				F754EFD82CC7B9BE007428D7 /* Extensions */,
				F781AEE92CC034BB00227AFF /* App */,
				F72BD37C2CBE61A8003FAFFB /* Data */,
				F72BD37D2CBE61A8003FAFFB /* Domain */,
				F72BD3812CBE61A8003FAFFB /* Presentation */,
				F72BD3882CBE61A8003FAFFB /* Support File */,
			);
			path = DBHeroesAvanzado;
			sourceTree = "<group>";
		};
		F72BD3912CBE61CA003FAFFB /* CoreData */ = {
			isa = PBXGroup;
			children = (
				F75307362CBE74A800FD592C /* StoreDataProvider.swift */,
				F72BD3922CBE61E8003FAFFB /* Model.xcdatamodeld */,
				F753071A2CBE6A6E00FD592C /* MOHero+CoreDataClass.swift */,
				F753071C2CBE6A6E00FD592C /* MOLocation+CoreDataClass.swift */,
				F753071E2CBE6A6E00FD592C /* MOTransformation+CoreDataClass.swift */,
			);
			path = CoreData;
			sourceTree = "<group>";
		};
		F753072C2CBE6FC400FD592C /* APIModel */ = {
			isa = PBXGroup;
			children = (
				F75307332CBE72BD00FD592C /* APITransformation.swift */,
				F75307302CBE707200FD592C /* APILocation.swift */,
				F753072D2CBE6FD000FD592C /* APIHero.swift */,
			);
			path = APIModel;
			sourceTree = "<group>";
		};
		F75307392CBE813900FD592C /* Networking */ = {
			isa = PBXGroup;
			children = (
				F7D848772CBFB9E90005B84D /* APIErrorResponse.swift */,
				F7D8487A2CBFBB210005B84D /* APIEndpoint.swift */,
				F7D8487D2CBFBCC10005B84D /* APIRequestBuilder.swift */,
				F75307A72CBE817700FD592C /* APISession.swift */,
			);
			path = Networking;
			sourceTree = "<group>";
		};
		F754EFD82CC7B9BE007428D7 /* Extensions */ = {
			isa = PBXGroup;
			children = (
				F754EFD92CC7B9D3007428D7 /* UIImageView+Remote.swift */,
			);
			path = Extensions;
			sourceTree = "<group>";
		};
		F781AEE92CC034BB00227AFF /* App */ = {
			isa = PBXGroup;
			children = (
				F781AEEA2CC034C600227AFF /* Resources */,
			);
			path = App;
			sourceTree = "<group>";
		};
		F781AEEA2CC034C600227AFF /* Resources */ = {
			isa = PBXGroup;
			children = (
				F781AEEB2CC034D200227AFF /* Videos */,
			);
			path = Resources;
			sourceTree = "<group>";
		};
		F781AEEB2CC034D200227AFF /* Videos */ = {
			isa = PBXGroup;
			children = (
				F7D8488D2CBFE15A0005B84D /* dbanime.mp4 */,
			);
			path = Videos;
			sourceTree = "<group>";
		};
		F79827732CBEE6E000430680 /* HeroesCollection */ = {
			isa = PBXGroup;
			children = (
				F79827782CBEE73400430680 /* Cells */,
				F77756482CC6B3A800BF159E /* HeroesCollectionBuilder.swift */,
				F77756442CC69D4E00BF159E /* HeroesCollectionViewModel.swift */,
				F79827742CBEE71900430680 /* HeroesCollectionViewController.swift */,
				F79827752CBEE71900430680 /* HeroesCollectionViewController.xib */,
			);
			path = HeroesCollection;
			sourceTree = "<group>";
		};
		F79827782CBEE73400430680 /* Cells */ = {
			isa = PBXGroup;
			children = (
				F79827792CBEE76D00430680 /* HeroesCells */,
			);
			path = Cells;
			sourceTree = "<group>";
		};
		F79827792CBEE76D00430680 /* HeroesCells */ = {
			isa = PBXGroup;
			children = (
				F7C0611F2CC10E900099D729 /* HeroesCollectionViewCell.swift */,
				F7C061202CC10E900099D729 /* HeroesCollectionViewCell.xib */,
			);
			path = HeroesCells;
			sourceTree = "<group>";
		};
		F7D848832CBFCA930005B84D /* UseCases */ = {
			isa = PBXGroup;
			children = (
				F7D848842CBFCAF80005B84D /* HeroesUseCase.swift */,
			);
			path = UseCases;
			sourceTree = "<group>";
		};
		F7D848872CBFCB9F0005B84D /* Model */ = {
			isa = PBXGroup;
			children = (
				F7D848882CBFCBAE0005B84D /* Model.swift */,
			);
			path = Model;
			sourceTree = "<group>";
		};
		F7D8488F2CBFE90C0005B84D /* Login */ = {
			isa = PBXGroup;
			children = (
				F77756462CC6AB7D00BF159E /* LoginBuilder.swift */,
				F777563E2CC6671E00BF159E /* LoginViewModel.swift */,
				F7D848902CBFE9290005B84D /* LoginViewController.swift */,
				F77756422CC6957600BF159E /* LoginView.xib */,
			);
			path = Login;
			sourceTree = "<group>";
		};
		F7F84D912CBE5B1500908C78 = {
			isa = PBXGroup;
			children = (
				F72BD3892CBE61A8003FAFFB /* DBHeroesAvanzado */,
				F7F84DB32CBE5B1600908C78 /* DBHeroesAvanzadoTests */,
				F7F84DBD2CBE5B1600908C78 /* DBHeroesAvanzadoUITests */,
				F7F84D9B2CBE5B1500908C78 /* Products */,
			);
			sourceTree = "<group>";
		};
		F7F84D9B2CBE5B1500908C78 /* Products */ = {
			isa = PBXGroup;
			children = (
				F7F84D9A2CBE5B1500908C78 /* DBHeroesAvanzado.app */,
				F7F84DB02CBE5B1600908C78 /* DBHeroesAvanzadoTests.xctest */,
				F7F84DBA2CBE5B1600908C78 /* DBHeroesAvanzadoUITests.xctest */,
			);
			name = Products;
			sourceTree = "<group>";
		};
/* End PBXGroup section */

/* Begin PBXNativeTarget section */
		F7F84D992CBE5B1500908C78 /* DBHeroesAvanzado */ = {
			isa = PBXNativeTarget;
			buildConfigurationList = F7F84DC32CBE5B1600908C78 /* Build configuration list for PBXNativeTarget "DBHeroesAvanzado" */;
			buildPhases = (
				F7F84D962CBE5B1500908C78 /* Sources */,
				F7F84D972CBE5B1500908C78 /* Frameworks */,
				F7F84D982CBE5B1500908C78 /* Resources */,
			);
			buildRules = (
			);
			dependencies = (
			);
			name = DBHeroesAvanzado;
			packageProductDependencies = (
				F757E9122CC63C25006E389D /* KeychainSwift */,
			);
			productName = DBHeroesAvanzado;
			productReference = F7F84D9A2CBE5B1500908C78 /* DBHeroesAvanzado.app */;
			productType = "com.apple.product-type.application";
		};
		F7F84DAF2CBE5B1600908C78 /* DBHeroesAvanzadoTests */ = {
			isa = PBXNativeTarget;
			buildConfigurationList = F7F84DC82CBE5B1600908C78 /* Build configuration list for PBXNativeTarget "DBHeroesAvanzadoTests" */;
			buildPhases = (
				F7F84DAC2CBE5B1600908C78 /* Sources */,
				F7F84DAD2CBE5B1600908C78 /* Frameworks */,
				F7F84DAE2CBE5B1600908C78 /* Resources */,
			);
			buildRules = (
			);
			dependencies = (
				F7F84DB22CBE5B1600908C78 /* PBXTargetDependency */,
			);
			fileSystemSynchronizedGroups = (
				F7F84DB32CBE5B1600908C78 /* DBHeroesAvanzadoTests */,
			);
			name = DBHeroesAvanzadoTests;
			packageProductDependencies = (
			);
			productName = DBHeroesAvanzadoTests;
			productReference = F7F84DB02CBE5B1600908C78 /* DBHeroesAvanzadoTests.xctest */;
			productType = "com.apple.product-type.bundle.unit-test";
		};
		F7F84DB92CBE5B1600908C78 /* DBHeroesAvanzadoUITests */ = {
			isa = PBXNativeTarget;
			buildConfigurationList = F7F84DCB2CBE5B1600908C78 /* Build configuration list for PBXNativeTarget "DBHeroesAvanzadoUITests" */;
			buildPhases = (
				F7F84DB62CBE5B1600908C78 /* Sources */,
				F7F84DB72CBE5B1600908C78 /* Frameworks */,
				F7F84DB82CBE5B1600908C78 /* Resources */,
			);
			buildRules = (
			);
			dependencies = (
				F7F84DBC2CBE5B1600908C78 /* PBXTargetDependency */,
			);
			fileSystemSynchronizedGroups = (
				F7F84DBD2CBE5B1600908C78 /* DBHeroesAvanzadoUITests */,
			);
			name = DBHeroesAvanzadoUITests;
			packageProductDependencies = (
			);
			productName = DBHeroesAvanzadoUITests;
			productReference = F7F84DBA2CBE5B1600908C78 /* DBHeroesAvanzadoUITests.xctest */;
			productType = "com.apple.product-type.bundle.ui-testing";
		};
/* End PBXNativeTarget section */

/* Begin PBXProject section */
		F7F84D922CBE5B1500908C78 /* Project object */ = {
			isa = PBXProject;
			attributes = {
				BuildIndependentTargetsInParallel = 1;
				LastSwiftUpdateCheck = 1600;
				LastUpgradeCheck = 1600;
				TargetAttributes = {
					F7F84D992CBE5B1500908C78 = {
						CreatedOnToolsVersion = 16.0;
					};
					F7F84DAF2CBE5B1600908C78 = {
						CreatedOnToolsVersion = 16.0;
						TestTargetID = F7F84D992CBE5B1500908C78;
					};
					F7F84DB92CBE5B1600908C78 = {
						CreatedOnToolsVersion = 16.0;
						TestTargetID = F7F84D992CBE5B1500908C78;
					};
				};
			};
			buildConfigurationList = F7F84D952CBE5B1500908C78 /* Build configuration list for PBXProject "DBHeroesAvanzado" */;
			developmentRegion = en;
			hasScannedForEncodings = 0;
			knownRegions = (
				en,
				Base,
			);
			mainGroup = F7F84D912CBE5B1500908C78;
			minimizedProjectReferenceProxies = 1;
			packageReferences = (
				F757E9112CC63C25006E389D /* XCRemoteSwiftPackageReference "keychain-swift" */,
			);
			preferredProjectObjectVersion = 77;
			productRefGroup = F7F84D9B2CBE5B1500908C78 /* Products */;
			projectDirPath = "";
			projectRoot = "";
			targets = (
				F7F84D992CBE5B1500908C78 /* DBHeroesAvanzado */,
				F7F84DAF2CBE5B1600908C78 /* DBHeroesAvanzadoTests */,
				F7F84DB92CBE5B1600908C78 /* DBHeroesAvanzadoUITests */,
			);
		};
/* End PBXProject section */

/* Begin PBXResourcesBuildPhase section */
		F7F84D982CBE5B1500908C78 /* Resources */ = {
			isa = PBXResourcesBuildPhase;
			buildActionMask = 2147483647;
			files = (
				F7D8488E2CBFE15A0005B84D /* dbanime.mp4 in Resources */,
				F79827772CBEE71900430680 /* HeroesCollectionViewController.xib in Resources */,
				F77756432CC6957600BF159E /* LoginView.xib in Resources */,
				F7C061212CC10E900099D729 /* HeroesCollectionViewCell.xib in Resources */,
				F72BD38D2CBE61A8003FAFFB /* SplashViewController.xib in Resources */,
				F72BD38E2CBE61A8003FAFFB /* Assets.xcassets in Resources */,
				F72BD3902CBE61A8003FAFFB /* LaunchScreen.storyboard in Resources */,
			);
			runOnlyForDeploymentPostprocessing = 0;
		};
		F7F84DAE2CBE5B1600908C78 /* Resources */ = {
			isa = PBXResourcesBuildPhase;
			buildActionMask = 2147483647;
			files = (
			);
			runOnlyForDeploymentPostprocessing = 0;
		};
		F7F84DB82CBE5B1600908C78 /* Resources */ = {
			isa = PBXResourcesBuildPhase;
			buildActionMask = 2147483647;
			files = (
			);
			runOnlyForDeploymentPostprocessing = 0;
		};
/* End PBXResourcesBuildPhase section */

/* Begin PBXSourcesBuildPhase section */
		F7F84D962CBE5B1500908C78 /* Sources */ = {
			isa = PBXSourcesBuildPhase;
			buildActionMask = 2147483647;
			files = (
				F75307382CBE74BC00FD592C /* StoreDataProvider.swift in Sources */,
				F77756492CC6B43E00BF159E /* HeroesCollectionBuilder.swift in Sources */,
				F753072F2CBE6FD600FD592C /* APIHero.swift in Sources */,
				F75307262CBE6A6E00FD592C /* MOHero+CoreDataClass.swift in Sources */,
				F75307282CBE6A6E00FD592C /* MOLocation+CoreDataClass.swift in Sources */,
				F7D8487C2CBFBB210005B84D /* APIEndpoint.swift in Sources */,
				F7D848782CBFB9E90005B84D /* APIErrorResponse.swift in Sources */,
				F77756472CC6AB8600BF159E /* LoginBuilder.swift in Sources */,
				F777563F2CC6672B00BF159E /* LoginViewModel.swift in Sources */,
				F757E9152CC63CDE006E389D /* SecureDataStore.swift in Sources */,
				F753072A2CBE6A6E00FD592C /* MOTransformation+CoreDataClass.swift in Sources */,
				F754EFDA2CC7B9EA007428D7 /* UIImageView+Remote.swift in Sources */,
				F7D848932CBFE9290005B84D /* LoginViewController.swift in Sources */,
				F75307322CBE708D00FD592C /* APILocation.swift in Sources */,
				F7C060B12CC100970099D729 /* Binding.swift in Sources */,
				F74808D02CC2F4C7006FE7F2 /* SplashBuilder.swift in Sources */,
				F75307342CBE72CE00FD592C /* APITransformation.swift in Sources */,
				F7D8487F2CBFBCC10005B84D /* APIRequestBuilder.swift in Sources */,
				F72BD38A2CBE61A8003FAFFB /* SplashViewController.swift in Sources */,
				F72BD38B2CBE61A8003FAFFB /* AppDelegate.swift in Sources */,
				F75307A92CBE817E00FD592C /* APISession.swift in Sources */,
				F74808CE2CC2F482006FE7F2 /* SplashViewModel.swift in Sources */,
				F72BD38C2CBE61A8003FAFFB /* SceneDelegate.swift in Sources */,
				F77756452CC69D5A00BF159E /* HeroesCollectionViewModel.swift in Sources */,
				F7D848862CBFCAF80005B84D /* HeroesUseCase.swift in Sources */,
				F7C061222CC10E900099D729 /* HeroesCollectionViewCell.swift in Sources */,
				F7D8488A2CBFCBB10005B84D /* Model.swift in Sources */,
				F79827762CBEE71900430680 /* HeroesCollectionViewController.swift in Sources */,
				F72BD3942CBE61E8003FAFFB /* Model.xcdatamodeld in Sources */,
			);
			runOnlyForDeploymentPostprocessing = 0;
		};
		F7F84DAC2CBE5B1600908C78 /* Sources */ = {
			isa = PBXSourcesBuildPhase;
			buildActionMask = 2147483647;
			files = (
			);
			runOnlyForDeploymentPostprocessing = 0;
		};
		F7F84DB62CBE5B1600908C78 /* Sources */ = {
			isa = PBXSourcesBuildPhase;
			buildActionMask = 2147483647;
			files = (
			);
			runOnlyForDeploymentPostprocessing = 0;
		};
/* End PBXSourcesBuildPhase section */

/* Begin PBXTargetDependency section */
		F7F84DB22CBE5B1600908C78 /* PBXTargetDependency */ = {
			isa = PBXTargetDependency;
			target = F7F84D992CBE5B1500908C78 /* DBHeroesAvanzado */;
			targetProxy = F7F84DB12CBE5B1600908C78 /* PBXContainerItemProxy */;
		};
		F7F84DBC2CBE5B1600908C78 /* PBXTargetDependency */ = {
			isa = PBXTargetDependency;
			target = F7F84D992CBE5B1500908C78 /* DBHeroesAvanzado */;
			targetProxy = F7F84DBB2CBE5B1600908C78 /* PBXContainerItemProxy */;
		};
/* End PBXTargetDependency section */

/* Begin PBXVariantGroup section */
		F72BD3862CBE61A8003FAFFB /* LaunchScreen.storyboard */ = {
			isa = PBXVariantGroup;
			children = (
				F72BD3852CBE61A8003FAFFB /* Base */,
			);
			name = LaunchScreen.storyboard;
			sourceTree = "<group>";
		};
/* End PBXVariantGroup section */

/* Begin XCBuildConfiguration section */
		F7F84DC42CBE5B1600908C78 /* Debug */ = {
			isa = XCBuildConfiguration;
			buildSettings = {
				ASSETCATALOG_COMPILER_APPICON_NAME = AppIcon;
				ASSETCATALOG_COMPILER_GLOBAL_ACCENT_COLOR_NAME = AccentColor;
				CODE_SIGN_STYLE = Automatic;
				CURRENT_PROJECT_VERSION = 1;
				GENERATE_INFOPLIST_FILE = YES;
				INFOPLIST_FILE = "DBHeroesAvanzado/Support File/Info.plist";
				INFOPLIST_KEY_UIApplicationSupportsIndirectInputEvents = YES;
				INFOPLIST_KEY_UILaunchStoryboardName = LaunchScreen;
				INFOPLIST_KEY_UIMainStoryboardFile = "";
				INFOPLIST_KEY_UISupportedInterfaceOrientations_iPad = "UIInterfaceOrientationPortrait UIInterfaceOrientationPortraitUpsideDown UIInterfaceOrientationLandscapeLeft UIInterfaceOrientationLandscapeRight";
				INFOPLIST_KEY_UISupportedInterfaceOrientations_iPhone = "UIInterfaceOrientationPortrait UIInterfaceOrientationLandscapeLeft UIInterfaceOrientationLandscapeRight";
				LD_RUNPATH_SEARCH_PATHS = (
					"$(inherited)",
					"@executable_path/Frameworks",
				);
				MARKETING_VERSION = 1.0;
				PRODUCT_BUNDLE_IDENTIFIER = com.Diego.DBHeroesAvanzado;
				PRODUCT_NAME = "$(TARGET_NAME)";
				SUPPORTED_PLATFORMS = "iphoneos iphonesimulator";
				SUPPORTS_MACCATALYST = NO;
				SUPPORTS_MAC_DESIGNED_FOR_IPHONE_IPAD = NO;
				SUPPORTS_XR_DESIGNED_FOR_IPHONE_IPAD = NO;
				SWIFT_EMIT_LOC_STRINGS = YES;
				SWIFT_VERSION = 5.0;
				TARGETED_DEVICE_FAMILY = "1,2";
			};
			name = Debug;
		};
		F7F84DC52CBE5B1600908C78 /* Release */ = {
			isa = XCBuildConfiguration;
			buildSettings = {
				ASSETCATALOG_COMPILER_APPICON_NAME = AppIcon;
				ASSETCATALOG_COMPILER_GLOBAL_ACCENT_COLOR_NAME = AccentColor;
				CODE_SIGN_STYLE = Automatic;
				CURRENT_PROJECT_VERSION = 1;
				GENERATE_INFOPLIST_FILE = YES;
				INFOPLIST_FILE = "DBHeroesAvanzado/Support File/Info.plist";
				INFOPLIST_KEY_UIApplicationSupportsIndirectInputEvents = YES;
				INFOPLIST_KEY_UILaunchStoryboardName = LaunchScreen;
				INFOPLIST_KEY_UIMainStoryboardFile = "";
				INFOPLIST_KEY_UISupportedInterfaceOrientations_iPad = "UIInterfaceOrientationPortrait UIInterfaceOrientationPortraitUpsideDown UIInterfaceOrientationLandscapeLeft UIInterfaceOrientationLandscapeRight";
				INFOPLIST_KEY_UISupportedInterfaceOrientations_iPhone = "UIInterfaceOrientationPortrait UIInterfaceOrientationLandscapeLeft UIInterfaceOrientationLandscapeRight";
				LD_RUNPATH_SEARCH_PATHS = (
					"$(inherited)",
					"@executable_path/Frameworks",
				);
				MARKETING_VERSION = 1.0;
				PRODUCT_BUNDLE_IDENTIFIER = com.Diego.DBHeroesAvanzado;
				PRODUCT_NAME = "$(TARGET_NAME)";
				SUPPORTED_PLATFORMS = "iphoneos iphonesimulator";
				SUPPORTS_MACCATALYST = NO;
				SUPPORTS_MAC_DESIGNED_FOR_IPHONE_IPAD = NO;
				SUPPORTS_XR_DESIGNED_FOR_IPHONE_IPAD = NO;
				SWIFT_EMIT_LOC_STRINGS = YES;
				SWIFT_VERSION = 5.0;
				TARGETED_DEVICE_FAMILY = "1,2";
			};
			name = Release;
		};
		F7F84DC62CBE5B1600908C78 /* Debug */ = {
			isa = XCBuildConfiguration;
			buildSettings = {
				ALWAYS_SEARCH_USER_PATHS = NO;
				ASSETCATALOG_COMPILER_GENERATE_SWIFT_ASSET_SYMBOL_EXTENSIONS = YES;
				CLANG_ANALYZER_NONNULL = YES;
				CLANG_ANALYZER_NUMBER_OBJECT_CONVERSION = YES_AGGRESSIVE;
				CLANG_CXX_LANGUAGE_STANDARD = "gnu++20";
				CLANG_ENABLE_MODULES = YES;
				CLANG_ENABLE_OBJC_ARC = YES;
				CLANG_ENABLE_OBJC_WEAK = YES;
				CLANG_WARN_BLOCK_CAPTURE_AUTORELEASING = YES;
				CLANG_WARN_BOOL_CONVERSION = YES;
				CLANG_WARN_COMMA = YES;
				CLANG_WARN_CONSTANT_CONVERSION = YES;
				CLANG_WARN_DEPRECATED_OBJC_IMPLEMENTATIONS = YES;
				CLANG_WARN_DIRECT_OBJC_ISA_USAGE = YES_ERROR;
				CLANG_WARN_DOCUMENTATION_COMMENTS = YES;
				CLANG_WARN_EMPTY_BODY = YES;
				CLANG_WARN_ENUM_CONVERSION = YES;
				CLANG_WARN_INFINITE_RECURSION = YES;
				CLANG_WARN_INT_CONVERSION = YES;
				CLANG_WARN_NON_LITERAL_NULL_CONVERSION = YES;
				CLANG_WARN_OBJC_IMPLICIT_RETAIN_SELF = YES;
				CLANG_WARN_OBJC_LITERAL_CONVERSION = YES;
				CLANG_WARN_OBJC_ROOT_CLASS = YES_ERROR;
				CLANG_WARN_QUOTED_INCLUDE_IN_FRAMEWORK_HEADER = YES;
				CLANG_WARN_RANGE_LOOP_ANALYSIS = YES;
				CLANG_WARN_STRICT_PROTOTYPES = YES;
				CLANG_WARN_SUSPICIOUS_MOVE = YES;
				CLANG_WARN_UNGUARDED_AVAILABILITY = YES_AGGRESSIVE;
				CLANG_WARN_UNREACHABLE_CODE = YES;
				CLANG_WARN__DUPLICATE_METHOD_MATCH = YES;
				COPY_PHASE_STRIP = NO;
				DEBUG_INFORMATION_FORMAT = dwarf;
				ENABLE_STRICT_OBJC_MSGSEND = YES;
				ENABLE_TESTABILITY = YES;
				ENABLE_USER_SCRIPT_SANDBOXING = YES;
				GCC_C_LANGUAGE_STANDARD = gnu17;
				GCC_DYNAMIC_NO_PIC = NO;
				GCC_NO_COMMON_BLOCKS = YES;
				GCC_OPTIMIZATION_LEVEL = 0;
				GCC_PREPROCESSOR_DEFINITIONS = (
					"DEBUG=1",
					"$(inherited)",
				);
				GCC_WARN_64_TO_32_BIT_CONVERSION = YES;
				GCC_WARN_ABOUT_RETURN_TYPE = YES_ERROR;
				GCC_WARN_UNDECLARED_SELECTOR = YES;
				GCC_WARN_UNINITIALIZED_AUTOS = YES_AGGRESSIVE;
				GCC_WARN_UNUSED_FUNCTION = YES;
				GCC_WARN_UNUSED_VARIABLE = YES;
				IPHONEOS_DEPLOYMENT_TARGET = 18.0;
				LOCALIZATION_PREFERS_STRING_CATALOGS = YES;
				MTL_ENABLE_DEBUG_INFO = INCLUDE_SOURCE;
				MTL_FAST_MATH = YES;
				ONLY_ACTIVE_ARCH = YES;
				SDKROOT = iphoneos;
				SWIFT_ACTIVE_COMPILATION_CONDITIONS = "DEBUG $(inherited)";
				SWIFT_OPTIMIZATION_LEVEL = "-Onone";
			};
			name = Debug;
		};
		F7F84DC72CBE5B1600908C78 /* Release */ = {
			isa = XCBuildConfiguration;
			buildSettings = {
				ALWAYS_SEARCH_USER_PATHS = NO;
				ASSETCATALOG_COMPILER_GENERATE_SWIFT_ASSET_SYMBOL_EXTENSIONS = YES;
				CLANG_ANALYZER_NONNULL = YES;
				CLANG_ANALYZER_NUMBER_OBJECT_CONVERSION = YES_AGGRESSIVE;
				CLANG_CXX_LANGUAGE_STANDARD = "gnu++20";
				CLANG_ENABLE_MODULES = YES;
				CLANG_ENABLE_OBJC_ARC = YES;
				CLANG_ENABLE_OBJC_WEAK = YES;
				CLANG_WARN_BLOCK_CAPTURE_AUTORELEASING = YES;
				CLANG_WARN_BOOL_CONVERSION = YES;
				CLANG_WARN_COMMA = YES;
				CLANG_WARN_CONSTANT_CONVERSION = YES;
				CLANG_WARN_DEPRECATED_OBJC_IMPLEMENTATIONS = YES;
				CLANG_WARN_DIRECT_OBJC_ISA_USAGE = YES_ERROR;
				CLANG_WARN_DOCUMENTATION_COMMENTS = YES;
				CLANG_WARN_EMPTY_BODY = YES;
				CLANG_WARN_ENUM_CONVERSION = YES;
				CLANG_WARN_INFINITE_RECURSION = YES;
				CLANG_WARN_INT_CONVERSION = YES;
				CLANG_WARN_NON_LITERAL_NULL_CONVERSION = YES;
				CLANG_WARN_OBJC_IMPLICIT_RETAIN_SELF = YES;
				CLANG_WARN_OBJC_LITERAL_CONVERSION = YES;
				CLANG_WARN_OBJC_ROOT_CLASS = YES_ERROR;
				CLANG_WARN_QUOTED_INCLUDE_IN_FRAMEWORK_HEADER = YES;
				CLANG_WARN_RANGE_LOOP_ANALYSIS = YES;
				CLANG_WARN_STRICT_PROTOTYPES = YES;
				CLANG_WARN_SUSPICIOUS_MOVE = YES;
				CLANG_WARN_UNGUARDED_AVAILABILITY = YES_AGGRESSIVE;
				CLANG_WARN_UNREACHABLE_CODE = YES;
				CLANG_WARN__DUPLICATE_METHOD_MATCH = YES;
				COPY_PHASE_STRIP = NO;
				DEBUG_INFORMATION_FORMAT = "dwarf-with-dsym";
				ENABLE_NS_ASSERTIONS = NO;
				ENABLE_STRICT_OBJC_MSGSEND = YES;
				ENABLE_USER_SCRIPT_SANDBOXING = YES;
				GCC_C_LANGUAGE_STANDARD = gnu17;
				GCC_NO_COMMON_BLOCKS = YES;
				GCC_WARN_64_TO_32_BIT_CONVERSION = YES;
				GCC_WARN_ABOUT_RETURN_TYPE = YES_ERROR;
				GCC_WARN_UNDECLARED_SELECTOR = YES;
				GCC_WARN_UNINITIALIZED_AUTOS = YES_AGGRESSIVE;
				GCC_WARN_UNUSED_FUNCTION = YES;
				GCC_WARN_UNUSED_VARIABLE = YES;
				IPHONEOS_DEPLOYMENT_TARGET = 18.0;
				LOCALIZATION_PREFERS_STRING_CATALOGS = YES;
				MTL_ENABLE_DEBUG_INFO = NO;
				MTL_FAST_MATH = YES;
				SDKROOT = iphoneos;
				SWIFT_COMPILATION_MODE = wholemodule;
				VALIDATE_PRODUCT = YES;
			};
			name = Release;
		};
		F7F84DC92CBE5B1600908C78 /* Debug */ = {
			isa = XCBuildConfiguration;
			buildSettings = {
				BUNDLE_LOADER = "$(TEST_HOST)";
				CODE_SIGN_STYLE = Automatic;
				CURRENT_PROJECT_VERSION = 1;
				GENERATE_INFOPLIST_FILE = YES;
				IPHONEOS_DEPLOYMENT_TARGET = 18.0;
				MARKETING_VERSION = 1.0;
				PRODUCT_BUNDLE_IDENTIFIER = com.Diego.DBHeroesAvanzadoTests;
				PRODUCT_NAME = "$(TARGET_NAME)";
				SWIFT_EMIT_LOC_STRINGS = NO;
				SWIFT_VERSION = 5.0;
				TARGETED_DEVICE_FAMILY = "1,2";
				TEST_HOST = "$(BUILT_PRODUCTS_DIR)/DBHeroesAvanzado.app/$(BUNDLE_EXECUTABLE_FOLDER_PATH)/DBHeroesAvanzado";
			};
			name = Debug;
		};
		F7F84DCA2CBE5B1600908C78 /* Release */ = {
			isa = XCBuildConfiguration;
			buildSettings = {
				BUNDLE_LOADER = "$(TEST_HOST)";
				CODE_SIGN_STYLE = Automatic;
				CURRENT_PROJECT_VERSION = 1;
				GENERATE_INFOPLIST_FILE = YES;
				IPHONEOS_DEPLOYMENT_TARGET = 18.0;
				MARKETING_VERSION = 1.0;
				PRODUCT_BUNDLE_IDENTIFIER = com.Diego.DBHeroesAvanzadoTests;
				PRODUCT_NAME = "$(TARGET_NAME)";
				SWIFT_EMIT_LOC_STRINGS = NO;
				SWIFT_VERSION = 5.0;
				TARGETED_DEVICE_FAMILY = "1,2";
				TEST_HOST = "$(BUILT_PRODUCTS_DIR)/DBHeroesAvanzado.app/$(BUNDLE_EXECUTABLE_FOLDER_PATH)/DBHeroesAvanzado";
			};
			name = Release;
		};
		F7F84DCC2CBE5B1600908C78 /* Debug */ = {
			isa = XCBuildConfiguration;
			buildSettings = {
				CODE_SIGN_STYLE = Automatic;
				CURRENT_PROJECT_VERSION = 1;
				GENERATE_INFOPLIST_FILE = YES;
				MARKETING_VERSION = 1.0;
				PRODUCT_BUNDLE_IDENTIFIER = com.Diego.DBHeroesAvanzadoUITests;
				PRODUCT_NAME = "$(TARGET_NAME)";
				SWIFT_EMIT_LOC_STRINGS = NO;
				SWIFT_VERSION = 5.0;
				TARGETED_DEVICE_FAMILY = "1,2";
				TEST_TARGET_NAME = DBHeroesAvanzado;
			};
			name = Debug;
		};
		F7F84DCD2CBE5B1600908C78 /* Release */ = {
			isa = XCBuildConfiguration;
			buildSettings = {
				CODE_SIGN_STYLE = Automatic;
				CURRENT_PROJECT_VERSION = 1;
				GENERATE_INFOPLIST_FILE = YES;
				MARKETING_VERSION = 1.0;
				PRODUCT_BUNDLE_IDENTIFIER = com.Diego.DBHeroesAvanzadoUITests;
				PRODUCT_NAME = "$(TARGET_NAME)";
				SWIFT_EMIT_LOC_STRINGS = NO;
				SWIFT_VERSION = 5.0;
				TARGETED_DEVICE_FAMILY = "1,2";
				TEST_TARGET_NAME = DBHeroesAvanzado;
			};
			name = Release;
		};
/* End XCBuildConfiguration section */

/* Begin XCConfigurationList section */
		F7F84D952CBE5B1500908C78 /* Build configuration list for PBXProject "DBHeroesAvanzado" */ = {
			isa = XCConfigurationList;
			buildConfigurations = (
				F7F84DC62CBE5B1600908C78 /* Debug */,
				F7F84DC72CBE5B1600908C78 /* Release */,
			);
			defaultConfigurationIsVisible = 0;
			defaultConfigurationName = Release;
		};
		F7F84DC32CBE5B1600908C78 /* Build configuration list for PBXNativeTarget "DBHeroesAvanzado" */ = {
			isa = XCConfigurationList;
			buildConfigurations = (
				F7F84DC42CBE5B1600908C78 /* Debug */,
				F7F84DC52CBE5B1600908C78 /* Release */,
			);
			defaultConfigurationIsVisible = 0;
			defaultConfigurationName = Release;
		};
		F7F84DC82CBE5B1600908C78 /* Build configuration list for PBXNativeTarget "DBHeroesAvanzadoTests" */ = {
			isa = XCConfigurationList;
			buildConfigurations = (
				F7F84DC92CBE5B1600908C78 /* Debug */,
				F7F84DCA2CBE5B1600908C78 /* Release */,
			);
			defaultConfigurationIsVisible = 0;
			defaultConfigurationName = Release;
		};
		F7F84DCB2CBE5B1600908C78 /* Build configuration list for PBXNativeTarget "DBHeroesAvanzadoUITests" */ = {
			isa = XCConfigurationList;
			buildConfigurations = (
				F7F84DCC2CBE5B1600908C78 /* Debug */,
				F7F84DCD2CBE5B1600908C78 /* Release */,
			);
			defaultConfigurationIsVisible = 0;
			defaultConfigurationName = Release;
		};
/* End XCConfigurationList section */

/* Begin XCRemoteSwiftPackageReference section */
		F757E9112CC63C25006E389D /* XCRemoteSwiftPackageReference "keychain-swift" */ = {
			isa = XCRemoteSwiftPackageReference;
			repositoryURL = "https://github.com/evgenyneu/keychain-swift.git";
			requirement = {
				kind = upToNextMajorVersion;
				minimumVersion = 24.0.0;
			};
		};
/* End XCRemoteSwiftPackageReference section */

/* Begin XCSwiftPackageProductDependency section */
		F757E9122CC63C25006E389D /* KeychainSwift */ = {
			isa = XCSwiftPackageProductDependency;
			package = F757E9112CC63C25006E389D /* XCRemoteSwiftPackageReference "keychain-swift" */;
			productName = KeychainSwift;
		};
/* End XCSwiftPackageProductDependency section */

/* Begin XCVersionGroup section */
		F72BD3922CBE61E8003FAFFB /* Model.xcdatamodeld */ = {
			isa = XCVersionGroup;
			children = (
				F72BD3932CBE61E8003FAFFB /* Model.xcdatamodel */,
			);
			currentVersion = F72BD3932CBE61E8003FAFFB /* Model.xcdatamodel */;
			path = Model.xcdatamodeld;
			sourceTree = "<group>";
			versionGroupType = wrapper.xcdatamodel;
		};
/* End XCVersionGroup section */
	};
	rootObject = F7F84D922CBE5B1500908C78 /* Project object */;
}
